{
  "version": 4,
  "terraform_version": "1.12.2",
  "serial": 33,
  "lineage": "1bae2a5e-9fe9-4342-33c9-40a480ef221e",
  "outputs": {
    "resource_group_id": {
      "value": "/subscriptions/30bd9943-ebe3-4c65-9be0-128abd1d600b/resourceGroups/RG-CP2",
      "type": "string"
    },
    "vm_id": {
      "value": "/subscriptions/30bd9943-ebe3-4c65-9be0-128abd1d600b/resourceGroups/RG-CP2/providers/Microsoft.Compute/virtualMachines/VM-CP2",
      "type": "string"
    },
    "vm_private_ip": {
      "value": "10.0.1.10",
      "type": "string"
    },
    "vm_public_ip": {
      "value": "108.142.244.230",
      "type": "string"
    }
  },
  "resources": [
    {
      "mode": "managed",
      "type": "azurerm_linux_virtual_machine",
      "name": "vm",
      "provider": "provider[\"registry.terraform.io/hashicorp/azurerm\"]",
      "instances": [
        {
          "schema_version": 0,
          "attributes": {
            "additional_capabilities": [],
            "admin_password": null,
            "admin_ssh_key": [
              {
                "public_key": "ssh-rsa AAAAB3NzaC1yc2EAAAADAQABAAACAQC6GYIKI4jgN+idvNGruatA2ym5L0O1KwEiTWsLCWwPjsjl+cLuFuLmUq9zfbXEuB8BKFmFEgiwpZpZxChkN6npNYYJNsRfaZbwn/uvKD67jbLUIDuPwVj5Q16+cpPk/G6rn0N6hfZXVJc1ec7KOwW+vB1CGuQ5kdhRMHObxE2b8B7KKhY5KvPHbeBQLywgPw6rsg6gzA4v+ulsEmIhwecepEZFb7I2wxM3NrmiSfDgSUt1XyC3b8tGLuD31WyIMVx74hbHBPyneVkc8Ymh2cBheQFl0WbkvKQlIfA9k6Od0SMUgUIHOuECXEsdA0Jdh/m/8Z+bVDX+63GOHoHyWlWAz3lMx1T9BUJvDzsLm5txMLX7c2qPQ357Lbm0zfu1oQlRgDX62QRbOgKFE7chgFwIcMaaIRMtIll7C0ngwsgYZS/Ese/+DkZLH3afqMD+2AvfvEefi7hyQ/HIw6xxGH+N+PMWJ+SHQAefIeqnLgZJg6U0MNZscKOG1coCM+nG+Gbyu75iz/vN9f0Xv+rWPongP1Td0s5NyiA0QvTVQ8niNiIBajzyscLH8BOx2Imh3XjbpDl8C/zD1ytF9dgu8RTLFBAJLnRImPha7c87HunNhVxSCrNY/NhZ+tg59AHdmZ1rQrw0gGF1SHpZ0n7NNTnIRFQ2tWImEUCixxuTcv/3ew== frank@FRANK-PC\r\n",
                "username": "frank"
              }
            ],
            "admin_username": "frank",
            "allow_extension_operations": true,
            "availability_set_id": "",
            "boot_diagnostics": [],
            "bypass_platform_safety_checks_on_user_schedule_enabled": false,
            "capacity_reservation_group_id": "",
            "computer_name": "VM-CP2",
            "custom_data": null,
            "dedicated_host_group_id": "",
            "dedicated_host_id": "",
            "disable_password_authentication": true,
            "disk_controller_type": "",
            "edge_zone": "",
            "encryption_at_host_enabled": false,
            "eviction_policy": "",
            "extensions_time_budget": "PT1H30M",
            "gallery_application": [],
            "id": "/subscriptions/30bd9943-ebe3-4c65-9be0-128abd1d600b/resourceGroups/RG-CP2/providers/Microsoft.Compute/virtualMachines/VM-CP2",
            "identity": [],
            "license_type": "",
            "location": "westeurope",
            "max_bid_price": -1,
            "name": "VM-CP2",
            "network_interface_ids": [
              "/subscriptions/30bd9943-ebe3-4c65-9be0-128abd1d600b/resourceGroups/RG-CP2/providers/Microsoft.Network/networkInterfaces/VM-CP2-nic"
            ],
            "os_disk": [
              {
                "caching": "ReadWrite",
                "diff_disk_settings": [],
                "disk_encryption_set_id": "",
                "disk_size_gb": 30,
                "id": "/subscriptions/30bd9943-ebe3-4c65-9be0-128abd1d600b/resourceGroups/RG-CP2/providers/Microsoft.Compute/disks/VM-CP2-disk",
                "name": "VM-CP2-disk",
                "secure_vm_disk_encryption_set_id": "",
                "security_encryption_type": "",
                "storage_account_type": "Standard_LRS",
                "write_accelerator_enabled": false
              }
            ],
            "os_image_notification": [],
            "patch_assessment_mode": "ImageDefault",
            "patch_mode": "ImageDefault",
            "plan": [],
            "platform_fault_domain": -1,
            "priority": "Regular",
            "private_ip_address": "10.0.1.10",
            "private_ip_addresses": [
              "10.0.1.10"
            ],
            "provision_vm_agent": true,
            "proximity_placement_group_id": "",
            "public_ip_address": "108.142.244.230",
            "public_ip_addresses": [
              "108.142.244.230"
            ],
            "reboot_setting": "",
            "resource_group_name": "RG-CP2",
            "secret": [],
            "secure_boot_enabled": false,
            "size": "Standard_A1_v2",
            "source_image_id": "",
            "source_image_reference": [
              {
                "offer": "0001-com-ubuntu-server-jammy",
                "publisher": "Canonical",
                "sku": "22_04-LTS",
                "version": "latest"
              }
            ],
            "tags": {
              "enviroment": "CP2"
            },
            "termination_notification": null,
            "timeouts": null,
            "user_data": "",
            "virtual_machine_id": "4a5bc2cf-1de9-403c-835a-847b3dce174d",
            "virtual_machine_scale_set_id": "",
            "vm_agent_platform_updates_enabled": false,
            "vtpm_enabled": false,
            "zone": ""
          },
          "sensitive_attributes": [
            [
              {
                "type": "get_attr",
                "value": "admin_password"
              }
            ],
            [
              {
                "type": "get_attr",
                "value": "admin_ssh_key"
              }
            ],
            [
              {
                "type": "get_attr",
                "value": "admin_username"
              }
            ],
            [
              {
                "type": "get_attr",
                "value": "custom_data"
              }
            ]
          ],
          "identity_schema_version": 0,
          "private": "eyJlMmJmYjczMC1lY2FhLTExZTYtOGY4OC0zNDM2M2JjN2M0YzAiOnsiY3JlYXRlIjoyNzAwMDAwMDAwMDAwLCJkZWxldGUiOjI3MDAwMDAwMDAwMDAsInJlYWQiOjMwMDAwMDAwMDAwMCwidXBkYXRlIjoyNzAwMDAwMDAwMDAwfX0=",
          "dependencies": [
            "azurerm_network_interface.nic",
            "azurerm_public_ip.public_ip_1",
            "azurerm_resource_group.rg",
            "azurerm_subnet.subnet",
            "azurerm_virtual_network.vnet"
          ]
        }
      ]
    },
    {
      "mode": "managed",
      "type": "azurerm_network_interface",
      "name": "nic",
      "provider": "provider[\"registry.terraform.io/hashicorp/azurerm\"]",
      "instances": [
        {
          "schema_version": 0,
          "attributes": {
            "accelerated_networking_enabled": false,
            "applied_dns_servers": [],
            "auxiliary_mode": "",
            "auxiliary_sku": "",
            "dns_servers": [],
            "edge_zone": "",
            "id": "/subscriptions/30bd9943-ebe3-4c65-9be0-128abd1d600b/resourceGroups/RG-CP2/providers/Microsoft.Network/networkInterfaces/VM-CP2-nic",
            "internal_dns_name_label": "",
            "internal_domain_name_suffix": "t05wm33wozxu5asyrb3wduirqh.ax.internal.cloudapp.net",
            "ip_configuration": [
              {
                "gateway_load_balancer_frontend_ip_configuration_id": "",
                "name": "VM-CP2-ip_config",
                "primary": true,
                "private_ip_address": "10.0.1.10",
                "private_ip_address_allocation": "Static",
                "private_ip_address_version": "IPv4",
                "public_ip_address_id": "/subscriptions/30bd9943-ebe3-4c65-9be0-128abd1d600b/resourceGroups/RG-CP2/providers/Microsoft.Network/publicIPAddresses/Public_IP_1",
                "subnet_id": "/subscriptions/30bd9943-ebe3-4c65-9be0-128abd1d600b/resourceGroups/RG-CP2/providers/Microsoft.Network/virtualNetworks/vnet/subnets/subnet1"
              }
            ],
            "ip_forwarding_enabled": false,
            "location": "westeurope",
            "mac_address": "",
            "name": "VM-CP2-nic",
            "private_ip_address": "10.0.1.10",
            "private_ip_addresses": [
              "10.0.1.10"
            ],
            "resource_group_name": "RG-CP2",
            "tags": {
              "enviroment": "CP2"
            },
            "timeouts": null,
            "virtual_machine_id": ""
          },
          "sensitive_attributes": [],
          "identity_schema_version": 0,
          "identity": {
            "name": "VM-CP2-nic",
            "resource_group_name": "RG-CP2",
            "subscription_id": "30bd9943-ebe3-4c65-9be0-128abd1d600b"
          },
          "private": "eyJlMmJmYjczMC1lY2FhLTExZTYtOGY4OC0zNDM2M2JjN2M0YzAiOnsiY3JlYXRlIjoxODAwMDAwMDAwMDAwLCJkZWxldGUiOjE4MDAwMDAwMDAwMDAsInJlYWQiOjMwMDAwMDAwMDAwMCwidXBkYXRlIjoxODAwMDAwMDAwMDAwfX0=",
          "dependencies": [
            "azurerm_public_ip.public_ip_1",
            "azurerm_resource_group.rg",
            "azurerm_subnet.subnet",
            "azurerm_virtual_network.vnet"
          ]
        }
      ]
    },
    {
      "mode": "managed",
      "type": "azurerm_network_interface_security_group_association",
      "name": "sec_group_ssh-vm-cp2",
      "provider": "provider[\"registry.terraform.io/hashicorp/azurerm\"]",
      "instances": [
        {
          "schema_version": 0,
          "attributes": {
            "id": "/subscriptions/30bd9943-ebe3-4c65-9be0-128abd1d600b/resourceGroups/RG-CP2/providers/Microsoft.Network/networkInterfaces/VM-CP2-nic|/subscriptions/30bd9943-ebe3-4c65-9be0-128abd1d600b/resourceGroups/RG-CP2/providers/Microsoft.Network/networkSecurityGroups/VM-CP2-Sec_group_ssh",
            "network_interface_id": "/subscriptions/30bd9943-ebe3-4c65-9be0-128abd1d600b/resourceGroups/RG-CP2/providers/Microsoft.Network/networkInterfaces/VM-CP2-nic",
            "network_security_group_id": "/subscriptions/30bd9943-ebe3-4c65-9be0-128abd1d600b/resourceGroups/RG-CP2/providers/Microsoft.Network/networkSecurityGroups/VM-CP2-Sec_group_ssh",
            "timeouts": null
          },
          "sensitive_attributes": [],
          "identity_schema_version": 0,
          "private": "eyJlMmJmYjczMC1lY2FhLTExZTYtOGY4OC0zNDM2M2JjN2M0YzAiOnsiY3JlYXRlIjoxODAwMDAwMDAwMDAwLCJkZWxldGUiOjE4MDAwMDAwMDAwMDAsInJlYWQiOjMwMDAwMDAwMDAwMH19",
          "dependencies": [
            "azurerm_network_interface.nic",
            "azurerm_network_security_group.sec_group_ssh",
            "azurerm_public_ip.public_ip_1",
            "azurerm_resource_group.rg",
            "azurerm_subnet.subnet",
            "azurerm_virtual_network.vnet"
          ]
        }
      ]
    },
    {
      "mode": "managed",
      "type": "azurerm_network_security_group",
      "name": "sec_group_ssh",
      "provider": "provider[\"registry.terraform.io/hashicorp/azurerm\"]",
      "instances": [
        {
          "schema_version": 0,
          "attributes": {
            "id": "/subscriptions/30bd9943-ebe3-4c65-9be0-128abd1d600b/resourceGroups/RG-CP2/providers/Microsoft.Network/networkSecurityGroups/VM-CP2-Sec_group_ssh",
            "location": "westeurope",
            "name": "VM-CP2-Sec_group_ssh",
            "resource_group_name": "RG-CP2",
            "security_rule": [
              {
                "access": "Allow",
                "description": "",
                "destination_address_prefix": "*",
                "destination_address_prefixes": [],
                "destination_application_security_group_ids": [],
                "destination_port_range": "22",
                "destination_port_ranges": [],
                "direction": "Inbound",
                "name": "SSH",
                "priority": 1001,
                "protocol": "Tcp",
                "source_address_prefix": "*",
                "source_address_prefixes": [],
                "source_application_security_group_ids": [],
                "source_port_range": "*",
                "source_port_ranges": []
              },
              {
                "access": "Allow",
                "description": "",
                "destination_address_prefix": "*",
                "destination_address_prefixes": [],
                "destination_application_security_group_ids": [],
                "destination_port_range": "80",
                "destination_port_ranges": [],
                "direction": "Inbound",
                "name": "HTTP",
                "priority": 1002,
                "protocol": "Tcp",
                "source_address_prefix": "*",
                "source_address_prefixes": [],
                "source_application_security_group_ids": [],
                "source_port_range": "*",
                "source_port_ranges": []
              }
            ],
            "tags": {},
            "timeouts": null
          },
          "sensitive_attributes": [],
          "identity_schema_version": 0,
          "identity": {
            "name": "VM-CP2-Sec_group_ssh",
            "resource_group_name": "RG-CP2",
            "subscription_id": "30bd9943-ebe3-4c65-9be0-128abd1d600b"
          },
          "private": "eyJlMmJmYjczMC1lY2FhLTExZTYtOGY4OC0zNDM2M2JjN2M0YzAiOnsiY3JlYXRlIjoxODAwMDAwMDAwMDAwLCJkZWxldGUiOjE4MDAwMDAwMDAwMDAsInJlYWQiOjMwMDAwMDAwMDAwMCwidXBkYXRlIjoxODAwMDAwMDAwMDAwfX0=",
          "dependencies": [
            "azurerm_resource_group.rg"
          ]
        }
      ]
    },
    {
      "mode": "managed",
      "type": "azurerm_public_ip",
      "name": "public_ip_1",
      "provider": "provider[\"registry.terraform.io/hashicorp/azurerm\"]",
      "instances": [
        {
          "schema_version": 0,
          "attributes": {
            "allocation_method": "Static",
            "ddos_protection_mode": "VirtualNetworkInherited",
            "ddos_protection_plan_id": null,
            "domain_name_label": null,
            "domain_name_label_scope": null,
            "edge_zone": "",
            "fqdn": null,
            "id": "/subscriptions/30bd9943-ebe3-4c65-9be0-128abd1d600b/resourceGroups/RG-CP2/providers/Microsoft.Network/publicIPAddresses/Public_IP_1",
            "idle_timeout_in_minutes": 4,
            "ip_address": "108.142.244.230",
            "ip_tags": {},
            "ip_version": "IPv4",
            "location": "westeurope",
            "name": "Public_IP_1",
            "public_ip_prefix_id": null,
            "resource_group_name": "RG-CP2",
            "reverse_fqdn": null,
            "sku": "Standard",
            "sku_tier": "Regional",
            "tags": {
              "enviroment": "CP2"
            },
            "timeouts": null,
            "zones": []
          },
          "sensitive_attributes": [],
          "identity_schema_version": 0,
          "private": "eyJlMmJmYjczMC1lY2FhLTExZTYtOGY4OC0zNDM2M2JjN2M0YzAiOnsiY3JlYXRlIjoxODAwMDAwMDAwMDAwLCJkZWxldGUiOjE4MDAwMDAwMDAwMDAsInJlYWQiOjMwMDAwMDAwMDAwMCwidXBkYXRlIjoxODAwMDAwMDAwMDAwfX0=",
          "dependencies": [
            "azurerm_resource_group.rg"
          ]
        }
      ]
    },
    {
      "mode": "managed",
      "type": "azurerm_resource_group",
      "name": "rg",
      "provider": "provider[\"registry.terraform.io/hashicorp/azurerm\"]",
      "instances": [
        {
          "schema_version": 0,
          "attributes": {
            "id": "/subscriptions/30bd9943-ebe3-4c65-9be0-128abd1d600b/resourceGroups/RG-CP2",
            "location": "westeurope",
            "managed_by": "",
            "name": "RG-CP2",
            "tags": {
              "enviroment": "CP2"
            },
            "timeouts": null
          },
          "sensitive_attributes": [],
          "identity_schema_version": 0,
          "private": "eyJlMmJmYjczMC1lY2FhLTExZTYtOGY4OC0zNDM2M2JjN2M0YzAiOnsiY3JlYXRlIjo1NDAwMDAwMDAwMDAwLCJkZWxldGUiOjU0MDAwMDAwMDAwMDAsInJlYWQiOjMwMDAwMDAwMDAwMCwidXBkYXRlIjo1NDAwMDAwMDAwMDAwfX0="
        }
      ]
    },
    {
      "mode": "managed",
      "type": "azurerm_subnet",
      "name": "subnet",
      "provider": "provider[\"registry.terraform.io/hashicorp/azurerm\"]",
      "instances": [
        {
          "schema_version": 0,
          "attributes": {
            "address_prefixes": [
              "10.0.1.0/24"
            ],
            "default_outbound_access_enabled": true,
            "delegation": [],
            "id": "/subscriptions/30bd9943-ebe3-4c65-9be0-128abd1d600b/resourceGroups/RG-CP2/providers/Microsoft.Network/virtualNetworks/vnet/subnets/subnet1",
            "name": "subnet1",
            "private_endpoint_network_policies": "Disabled",
            "private_link_service_network_policies_enabled": true,
            "resource_group_name": "RG-CP2",
            "service_endpoint_policy_ids": [],
            "service_endpoints": [],
            "timeouts": null,
            "virtual_network_name": "vnet"
          },
          "sensitive_attributes": [],
          "identity_schema_version": 0,
          "identity": {
            "name": "subnet1",
            "resource_group_name": "RG-CP2",
            "subscription_id": "30bd9943-ebe3-4c65-9be0-128abd1d600b",
            "virtual_network_name": "vnet"
          },
          "private": "eyJlMmJmYjczMC1lY2FhLTExZTYtOGY4OC0zNDM2M2JjN2M0YzAiOnsiY3JlYXRlIjoxODAwMDAwMDAwMDAwLCJkZWxldGUiOjE4MDAwMDAwMDAwMDAsInJlYWQiOjMwMDAwMDAwMDAwMCwidXBkYXRlIjoxODAwMDAwMDAwMDAwfX0=",
          "dependencies": [
            "azurerm_resource_group.rg",
            "azurerm_virtual_network.vnet"
          ]
        }
      ]
    },
    {
      "mode": "managed",
      "type": "azurerm_virtual_network",
      "name": "vnet",
      "provider": "provider[\"registry.terraform.io/hashicorp/azurerm\"]",
      "instances": [
        {
          "schema_version": 0,
          "attributes": {
            "address_space": [
              "10.0.0.0/16"
            ],
            "bgp_community": "",
            "ddos_protection_plan": [],
            "dns_servers": [],
            "edge_zone": "",
            "encryption": [],
            "flow_timeout_in_minutes": 0,
            "guid": "7766bf9e-76b6-4f6f-8258-887b61d11187",
            "id": "/subscriptions/30bd9943-ebe3-4c65-9be0-128abd1d600b/resourceGroups/RG-CP2/providers/Microsoft.Network/virtualNetworks/vnet",
            "ip_address_pool": [],
            "location": "westeurope",
            "name": "vnet",
            "private_endpoint_vnet_policies": "Disabled",
            "resource_group_name": "RG-CP2",
            "subnet": [
              {
                "address_prefixes": [
                  "10.0.1.0/24"
                ],
                "default_outbound_access_enabled": true,
                "delegation": [],
                "id": "/subscriptions/30bd9943-ebe3-4c65-9be0-128abd1d600b/resourceGroups/RG-CP2/providers/Microsoft.Network/virtualNetworks/vnet/subnets/subnet1",
                "name": "subnet1",
                "private_endpoint_network_policies": "Disabled",
                "private_link_service_network_policies_enabled": true,
                "route_table_id": "",
                "security_group": "",
                "service_endpoint_policy_ids": [],
                "service_endpoints": []
              }
            ],
            "tags": {
              "enviroment": "CP2"
            },
            "timeouts": null
          },
          "sensitive_attributes": [],
          "identity_schema_version": 0,
          "identity": {
            "name": "vnet",
            "resource_group_name": "RG-CP2",
            "subscription_id": "30bd9943-ebe3-4c65-9be0-128abd1d600b"
          },
          "private": "eyJlMmJmYjczMC1lY2FhLTExZTYtOGY4OC0zNDM2M2JjN2M0YzAiOnsiY3JlYXRlIjoxODAwMDAwMDAwMDAwLCJkZWxldGUiOjE4MDAwMDAwMDAwMDAsInJlYWQiOjMwMDAwMDAwMDAwMCwidXBkYXRlIjoxODAwMDAwMDAwMDAwfX0=",
          "dependencies": [
            "azurerm_resource_group.rg"
          ]
        }
      ]
    }
  ],
  "check_results": null
}
